// !$*UTF8*$!
{
	archiveVersion = 1;
	classes = {
	};
	objectVersion = 56;
	objects = {

/* Begin PBXBuildFile section */
		3AC498092C3E676A00AA6A85 /* MyDiaryApp.swift in Sources */ = {isa = PBXBuildFile; fileRef = 3AC498082C3E676A00AA6A85 /* MyDiaryApp.swift */; };
		3AC4980B2C3E676A00AA6A85 /* ContentView.swift in Sources */ = {isa = PBXBuildFile; fileRef = 3AC4980A2C3E676A00AA6A85 /* ContentView.swift */; };
		3AC4980D2C3E676B00AA6A85 /* Assets.xcassets in Resources */ = {isa = PBXBuildFile; fileRef = 3AC4980C2C3E676B00AA6A85 /* Assets.xcassets */; };
		3AC498102C3E676B00AA6A85 /* Preview Assets.xcassets in Resources */ = {isa = PBXBuildFile; fileRef = 3AC4980F2C3E676B00AA6A85 /* Preview Assets.xcassets */; };
		3AC498192C3E685300AA6A85 /* JournalType.swift in Sources */ = {isa = PBXBuildFile; fileRef = 3AC498182C3E685300AA6A85 /* JournalType.swift */; };
		3AC4981C2C3E697200AA6A85 /* Journal.swift in Sources */ = {isa = PBXBuildFile; fileRef = 3AC4981B2C3E697200AA6A85 /* Journal.swift */; };
		3AC4981F2C3E69C900AA6A85 /* SharedJournalData.swift in Sources */ = {isa = PBXBuildFile; fileRef = 3AC4981E2C3E69C900AA6A85 /* SharedJournalData.swift */; };
		3AC498212C3E6ABF00AA6A85 /* VideoJournal.swift in Sources */ = {isa = PBXBuildFile; fileRef = 3AC498202C3E6ABF00AA6A85 /* VideoJournal.swift */; };
		3AC498232C3E6B1700AA6A85 /* PhotoJournal.swift in Sources */ = {isa = PBXBuildFile; fileRef = 3AC498222C3E6B1700AA6A85 /* PhotoJournal.swift */; };
		3AC498252C3EC3DB00AA6A85 /* TextJournal.swift in Sources */ = {isa = PBXBuildFile; fileRef = 3AC498242C3EC3DB00AA6A85 /* TextJournal.swift */; };
		3AC4982B2C3EC95900AA6A85 /* DiaryCard.swift in Sources */ = {isa = PBXBuildFile; fileRef = 3AC4982A2C3EC95900AA6A85 /* DiaryCard.swift */; };
/* End PBXBuildFile section */

/* Begin PBXFileReference section */
		3AC498052C3E676A00AA6A85 /* MyDiary.app */ = {isa = PBXFileReference; explicitFileType = wrapper.application; includeInIndex = 0; path = MyDiary.app; sourceTree = BUILT_PRODUCTS_DIR; };
		3AC498082C3E676A00AA6A85 /* MyDiaryApp.swift */ = {isa = PBXFileReference; lastKnownFileType = sourcecode.swift; path = MyDiaryApp.swift; sourceTree = "<group>"; };
		3AC4980A2C3E676A00AA6A85 /* ContentView.swift */ = {isa = PBXFileReference; lastKnownFileType = sourcecode.swift; path = ContentView.swift; sourceTree = "<group>"; };
		3AC4980C2C3E676B00AA6A85 /* Assets.xcassets */ = {isa = PBXFileReference; lastKnownFileType = folder.assetcatalog; path = Assets.xcassets; sourceTree = "<group>"; };
		3AC4980F2C3E676B00AA6A85 /* Preview Assets.xcassets */ = {isa = PBXFileReference; lastKnownFileType = folder.assetcatalog; path = "Preview Assets.xcassets"; sourceTree = "<group>"; };
		3AC498182C3E685300AA6A85 /* JournalType.swift */ = {isa = PBXFileReference; lastKnownFileType = sourcecode.swift; path = JournalType.swift; sourceTree = "<group>"; };
		3AC4981B2C3E697200AA6A85 /* Journal.swift */ = {isa = PBXFileReference; lastKnownFileType = sourcecode.swift; path = Journal.swift; sourceTree = "<group>"; };
		3AC4981E2C3E69C900AA6A85 /* SharedJournalData.swift */ = {isa = PBXFileReference; lastKnownFileType = sourcecode.swift; path = SharedJournalData.swift; sourceTree = "<group>"; };
		3AC498202C3E6ABF00AA6A85 /* VideoJournal.swift */ = {isa = PBXFileReference; lastKnownFileType = sourcecode.swift; path = VideoJournal.swift; sourceTree = "<group>"; };
		3AC498222C3E6B1700AA6A85 /* PhotoJournal.swift */ = {isa = PBXFileReference; lastKnownFileType = sourcecode.swift; path = PhotoJournal.swift; sourceTree = "<group>"; };
		3AC498242C3EC3DB00AA6A85 /* TextJournal.swift */ = {isa = PBXFileReference; lastKnownFileType = sourcecode.swift; path = TextJournal.swift; sourceTree = "<group>"; };
		3AC4982A2C3EC95900AA6A85 /* DiaryCard.swift */ = {isa = PBXFileReference; lastKnownFileType = sourcecode.swift; path = DiaryCard.swift; sourceTree = "<group>"; };
/* End PBXFileReference section */

/* Begin PBXFrameworksBuildPhase section */
		3AC498022C3E676A00AA6A85 /* Frameworks */ = {
			isa = PBXFrameworksBuildPhase;
			buildActionMask = 2147483647;
			files = (
			);
			runOnlyForDeploymentPostprocessing = 0;
		};
/* End PBXFrameworksBuildPhase section */

/* Begin PBXGroup section */
		3AC497FC2C3E676A00AA6A85 = {
			isa = PBXGroup;
			children = (
				3AC498072C3E676A00AA6A85 /* MyDiary */,
				3AC498062C3E676A00AA6A85 /* Products */,
			);
			sourceTree = "<group>";
		};
		3AC498062C3E676A00AA6A85 /* Products */ = {
			isa = PBXGroup;
			children = (
				3AC498052C3E676A00AA6A85 /* MyDiary.app */,
			);
			name = Products;
			sourceTree = "<group>";
		};
		3AC498072C3E676A00AA6A85 /* MyDiary */ = {
			isa = PBXGroup;
			children = (
				3AC498262C3EC92F00AA6A85 /* Views */,
				3AC4981D2C3E69BB00AA6A85 /* SharedData */,
				3AC4981A2C3E696200AA6A85 /* Model */,
				3AC498162C3E684000AA6A85 /* Utils */,
				3AC498082C3E676A00AA6A85 /* MyDiaryApp.swift */,
				3AC4980A2C3E676A00AA6A85 /* ContentView.swift */,
				3AC4980C2C3E676B00AA6A85 /* Assets.xcassets */,
				3AC4980E2C3E676B00AA6A85 /* Preview Content */,
			);
			path = MyDiary;
			sourceTree = "<group>";
		};
		3AC4980E2C3E676B00AA6A85 /* Preview Content */ = {
			isa = PBXGroup;
			children = (
				3AC4980F2C3E676B00AA6A85 /* Preview Assets.xcassets */,
			);
			path = "Preview Content";
			sourceTree = "<group>";
		};
		3AC498162C3E684000AA6A85 /* Utils */ = {
			isa = PBXGroup;
			children = (
				3AC498172C3E684800AA6A85 /* Constants */,
			);
			path = Utils;
			sourceTree = "<group>";
		};
		3AC498172C3E684800AA6A85 /* Constants */ = {
			isa = PBXGroup;
			children = (
				3AC498182C3E685300AA6A85 /* JournalType.swift */,
			);
			path = Constants;
			sourceTree = "<group>";
		};
		3AC4981A2C3E696200AA6A85 /* Model */ = {
			isa = PBXGroup;
			children = (
				3AC4981B2C3E697200AA6A85 /* Journal.swift */,
				3AC498202C3E6ABF00AA6A85 /* VideoJournal.swift */,
				3AC498222C3E6B1700AA6A85 /* PhotoJournal.swift */,
				3AC498242C3EC3DB00AA6A85 /* TextJournal.swift */,
			);
			path = Model;
			sourceTree = "<group>";
		};
		3AC4981D2C3E69BB00AA6A85 /* SharedData */ = {
			isa = PBXGroup;
			children = (
				3AC4981E2C3E69C900AA6A85 /* SharedJournalData.swift */,
			);
			path = SharedData;
			sourceTree = "<group>";
		};
		3AC498262C3EC92F00AA6A85 /* Views */ = {
			isa = PBXGroup;
			children = (
				3AC498272C3EC93500AA6A85 /* Component */,
			);
			path = Views;
			sourceTree = "<group>";
		};
		3AC498272C3EC93500AA6A85 /* Component */ = {
			isa = PBXGroup;
			children = (
				3AC4982A2C3EC95900AA6A85 /* DiaryCard.swift */,
			);
			path = Component;
			sourceTree = "<group>";
		};
/* End PBXGroup section */

/* Begin PBXNativeTarget section */
		3AC498042C3E676A00AA6A85 /* MyDiary */ = {
			isa = PBXNativeTarget;
			buildConfigurationList = 3AC498132C3E676B00AA6A85 /* Build configuration list for PBXNativeTarget "MyDiary" */;
			buildPhases = (
				3AC498012C3E676A00AA6A85 /* Sources */,
				3AC498022C3E676A00AA6A85 /* Frameworks */,
				3AC498032C3E676A00AA6A85 /* Resources */,
			);
			buildRules = (
			);
			dependencies = (
			);
			name = MyDiary;
			productName = MyDiary;
			productReference = 3AC498052C3E676A00AA6A85 /* MyDiary.app */;
			productType = "com.apple.product-type.application";
		};
/* End PBXNativeTarget section */

/* Begin PBXProject section */
		3AC497FD2C3E676A00AA6A85 /* Project object */ = {
			isa = PBXProject;
			attributes = {
				BuildIndependentTargetsInParallel = 1;
				LastSwiftUpdateCheck = 1540;
				LastUpgradeCheck = 1540;
				TargetAttributes = {
					3AC498042C3E676A00AA6A85 = {
						CreatedOnToolsVersion = 15.4;
					};
				};
			};
			buildConfigurationList = 3AC498002C3E676A00AA6A85 /* Build configuration list for PBXProject "MyDiary" */;
			compatibilityVersion = "Xcode 14.0";
			developmentRegion = en;
			hasScannedForEncodings = 0;
			knownRegions = (
				en,
				Base,
			);
			mainGroup = 3AC497FC2C3E676A00AA6A85;
			productRefGroup = 3AC498062C3E676A00AA6A85 /* Products */;
			projectDirPath = "";
			projectRoot = "";
			targets = (
				3AC498042C3E676A00AA6A85 /* MyDiary */,
			);
		};
/* End PBXProject section */

/* Begin PBXResourcesBuildPhase section */
		3AC498032C3E676A00AA6A85 /* Resources */ = {
			isa = PBXResourcesBuildPhase;
			buildActionMask = 2147483647;
			files = (
				3AC498102C3E676B00AA6A85 /* Preview Assets.xcassets in Resources */,
				3AC4980D2C3E676B00AA6A85 /* Assets.xcassets in Resources */,
			);
			runOnlyForDeploymentPostprocessing = 0;
		};
/* End PBXResourcesBuildPhase section */

/* Begin PBXSourcesBuildPhase section */
		3AC498012C3E676A00AA6A85 /* Sources */ = {
			isa = PBXSourcesBuildPhase;
			buildActionMask = 2147483647;
			files = (
				3AC4980B2C3E676A00AA6A85 /* ContentView.swift in Sources */,
				3AC498232C3E6B1700AA6A85 /* PhotoJournal.swift in Sources */,
				3AC4982B2C3EC95900AA6A85 /* DiaryCard.swift in Sources */,
				3AC498212C3E6ABF00AA6A85 /* VideoJournal.swift in Sources */,
				3AC4981F2C3E69C900AA6A85 /* SharedJournalData.swift in Sources */,
				3AC498252C3EC3DB00AA6A85 /* TextJournal.swift in Sources */,
				3AC4981C2C3E697200AA6A85 /* Journal.swift in Sources */,
				3AC498192C3E685300AA6A85 /* JournalType.swift in Sources */,
				3AC498092C3E676A00AA6A85 /* MyDiaryApp.swift in Sources */,
			);
			runOnlyForDeploymentPostprocessing = 0;
		};
/* End PBXSourcesBuildPhase section */

/* Begin XCBuildConfiguration section */
		3AC498112C3E676B00AA6A85 /* Debug */ = {
			isa = XCBuildConfiguration;
			buildSettings = {
				ALWAYS_SEARCH_USER_PATHS = NO;
				ASSETCATALOG_COMPILER_GENERATE_SWIFT_ASSET_SYMBOL_EXTENSIONS = YES;
				CLANG_ANALYZER_NONNULL = YES;
				CLANG_ANALYZER_NUMBER_OBJECT_CONVERSION = YES_AGGRESSIVE;
				CLANG_CXX_LANGUAGE_STANDARD = "gnu++20";
				CLANG_ENABLE_MODULES = YES;
				CLANG_ENABLE_OBJC_ARC = YES;
				CLANG_ENABLE_OBJC_WEAK = YES;
				CLANG_WARN_BLOCK_CAPTURE_AUTORELEASING = YES;
				CLANG_WARN_BOOL_CONVERSION = YES;
				CLANG_WARN_COMMA = YES;
				CLANG_WARN_CONSTANT_CONVERSION = YES;
				CLANG_WARN_DEPRECATED_OBJC_IMPLEMENTATIONS = YES;
				CLANG_WARN_DIRECT_OBJC_ISA_USAGE = YES_ERROR;
				CLANG_WARN_DOCUMENTATION_COMMENTS = YES;
				CLANG_WARN_EMPTY_BODY = YES;
				CLANG_WARN_ENUM_CONVERSION = YES;
				CLANG_WARN_INFINITE_RECURSION = YES;
				CLANG_WARN_INT_CONVERSION = YES;
				CLANG_WARN_NON_LITERAL_NULL_CONVERSION = YES;
				CLANG_WARN_OBJC_IMPLICIT_RETAIN_SELF = YES;
				CLANG_WARN_OBJC_LITERAL_CONVERSION = YES;
				CLANG_WARN_OBJC_ROOT_CLASS = YES_ERROR;
				CLANG_WARN_QUOTED_INCLUDE_IN_FRAMEWORK_HEADER = YES;
				CLANG_WARN_RANGE_LOOP_ANALYSIS = YES;
				CLANG_WARN_STRICT_PROTOTYPES = YES;
				CLANG_WARN_SUSPICIOUS_MOVE = YES;
				CLANG_WARN_UNGUARDED_AVAILABILITY = YES_AGGRESSIVE;
				CLANG_WARN_UNREACHABLE_CODE = YES;
				CLANG_WARN__DUPLICATE_METHOD_MATCH = YES;
				COPY_PHASE_STRIP = NO;
				DEBUG_INFORMATION_FORMAT = dwarf;
				ENABLE_STRICT_OBJC_MSGSEND = YES;
				ENABLE_TESTABILITY = YES;
				ENABLE_USER_SCRIPT_SANDBOXING = YES;
				GCC_C_LANGUAGE_STANDARD = gnu17;
				GCC_DYNAMIC_NO_PIC = NO;
				GCC_NO_COMMON_BLOCKS = YES;
				GCC_OPTIMIZATION_LEVEL = 0;
				GCC_PREPROCESSOR_DEFINITIONS = (
					"DEBUG=1",
					"$(inherited)",
				);
				GCC_WARN_64_TO_32_BIT_CONVERSION = YES;
				GCC_WARN_ABOUT_RETURN_TYPE = YES_ERROR;
				GCC_WARN_UNDECLARED_SELECTOR = YES;
				GCC_WARN_UNINITIALIZED_AUTOS = YES_AGGRESSIVE;
				GCC_WARN_UNUSED_FUNCTION = YES;
				GCC_WARN_UNUSED_VARIABLE = YES;
				IPHONEOS_DEPLOYMENT_TARGET = 17.5;
				LOCALIZATION_PREFERS_STRING_CATALOGS = YES;
				MTL_ENABLE_DEBUG_INFO = INCLUDE_SOURCE;
				MTL_FAST_MATH = YES;
				ONLY_ACTIVE_ARCH = YES;
				SDKROOT = iphoneos;
				SWIFT_ACTIVE_COMPILATION_CONDITIONS = "DEBUG $(inherited)";
				SWIFT_OPTIMIZATION_LEVEL = "-Onone";
			};
			name = Debug;
		};
		3AC498122C3E676B00AA6A85 /* Release */ = {
			isa = XCBuildConfiguration;
			buildSettings = {
				ALWAYS_SEARCH_USER_PATHS = NO;
				ASSETCATALOG_COMPILER_GENERATE_SWIFT_ASSET_SYMBOL_EXTENSIONS = YES;
				CLANG_ANALYZER_NONNULL = YES;
				CLANG_ANALYZER_NUMBER_OBJECT_CONVERSION = YES_AGGRESSIVE;
				CLANG_CXX_LANGUAGE_STANDARD = "gnu++20";
				CLANG_ENABLE_MODULES = YES;
				CLANG_ENABLE_OBJC_ARC = YES;
				CLANG_ENABLE_OBJC_WEAK = YES;
				CLANG_WARN_BLOCK_CAPTURE_AUTORELEASING = YES;
				CLANG_WARN_BOOL_CONVERSION = YES;
				CLANG_WARN_COMMA = YES;
				CLANG_WARN_CONSTANT_CONVERSION = YES;
				CLANG_WARN_DEPRECATED_OBJC_IMPLEMENTATIONS = YES;
				CLANG_WARN_DIRECT_OBJC_ISA_USAGE = YES_ERROR;
				CLANG_WARN_DOCUMENTATION_COMMENTS = YES;
				CLANG_WARN_EMPTY_BODY = YES;
				CLANG_WARN_ENUM_CONVERSION = YES;
				CLANG_WARN_INFINITE_RECURSION = YES;
				CLANG_WARN_INT_CONVERSION = YES;
				CLANG_WARN_NON_LITERAL_NULL_CONVERSION = YES;
				CLANG_WARN_OBJC_IMPLICIT_RETAIN_SELF = YES;
				CLANG_WARN_OBJC_LITERAL_CONVERSION = YES;
				CLANG_WARN_OBJC_ROOT_CLASS = YES_ERROR;
				CLANG_WARN_QUOTED_INCLUDE_IN_FRAMEWORK_HEADER = YES;
				CLANG_WARN_RANGE_LOOP_ANALYSIS = YES;
				CLANG_WARN_STRICT_PROTOTYPES = YES;
				CLANG_WARN_SUSPICIOUS_MOVE = YES;
				CLANG_WARN_UNGUARDED_AVAILABILITY = YES_AGGRESSIVE;
				CLANG_WARN_UNREACHABLE_CODE = YES;
				CLANG_WARN__DUPLICATE_METHOD_MATCH = YES;
				COPY_PHASE_STRIP = NO;
				DEBUG_INFORMATION_FORMAT = "dwarf-with-dsym";
				ENABLE_NS_ASSERTIONS = NO;
				ENABLE_STRICT_OBJC_MSGSEND = YES;
				ENABLE_USER_SCRIPT_SANDBOXING = YES;
				GCC_C_LANGUAGE_STANDARD = gnu17;
				GCC_NO_COMMON_BLOCKS = YES;
				GCC_WARN_64_TO_32_BIT_CONVERSION = YES;
				GCC_WARN_ABOUT_RETURN_TYPE = YES_ERROR;
				GCC_WARN_UNDECLARED_SELECTOR = YES;
				GCC_WARN_UNINITIALIZED_AUTOS = YES_AGGRESSIVE;
				GCC_WARN_UNUSED_FUNCTION = YES;
				GCC_WARN_UNUSED_VARIABLE = YES;
				IPHONEOS_DEPLOYMENT_TARGET = 17.5;
				LOCALIZATION_PREFERS_STRING_CATALOGS = YES;
				MTL_ENABLE_DEBUG_INFO = NO;
				MTL_FAST_MATH = YES;
				SDKROOT = iphoneos;
				SWIFT_COMPILATION_MODE = wholemodule;
				VALIDATE_PRODUCT = YES;
			};
			name = Release;
		};
		3AC498142C3E676B00AA6A85 /* Debug */ = {
			isa = XCBuildConfiguration;
			buildSettings = {
				ASSETCATALOG_COMPILER_APPICON_NAME = AppIcon;
				ASSETCATALOG_COMPILER_GLOBAL_ACCENT_COLOR_NAME = AccentColor;
				CODE_SIGN_STYLE = Automatic;
				CURRENT_PROJECT_VERSION = 1;
				DEVELOPMENT_ASSET_PATHS = "\"MyDiary/Preview Content\"";
				DEVELOPMENT_TEAM = SW8FY3LA3R;
				ENABLE_PREVIEWS = YES;
				GENERATE_INFOPLIST_FILE = YES;
				INFOPLIST_KEY_UIApplicationSceneManifest_Generation = YES;
				INFOPLIST_KEY_UIApplicationSupportsIndirectInputEvents = YES;
				INFOPLIST_KEY_UILaunchScreen_Generation = YES;
				INFOPLIST_KEY_UISupportedInterfaceOrientations_iPad = "UIInterfaceOrientationPortrait UIInterfaceOrientationPortraitUpsideDown UIInterfaceOrientationLandscapeLeft UIInterfaceOrientationLandscapeRight";
				INFOPLIST_KEY_UISupportedInterfaceOrientations_iPhone = "UIInterfaceOrientationPortrait UIInterfaceOrientationLandscapeLeft UIInterfaceOrientationLandscapeRight";
				LD_RUNPATH_SEARCH_PATHS = (
					"$(inherited)",
					"@executable_path/Frameworks",
				);
				MARKETING_VERSION = 1.0;
				PRODUCT_BUNDLE_IDENTIFIER = hnsarthh.personal.MyDiary;
				PRODUCT_NAME = "$(TARGET_NAME)";
				SWIFT_EMIT_LOC_STRINGS = YES;
				SWIFT_VERSION = 5.0;
				TARGETED_DEVICE_FAMILY = "1,2";
			};
			name = Debug;
		};
		3AC498152C3E676B00AA6A85 /* Release */ = {
			isa = XCBuildConfiguration;
			buildSettings = {
				ASSETCATALOG_COMPILER_APPICON_NAME = AppIcon;
				ASSETCATALOG_COMPILER_GLOBAL_ACCENT_COLOR_NAME = AccentColor;
				CODE_SIGN_STYLE = Automatic;
				CURRENT_PROJECT_VERSION = 1;
				DEVELOPMENT_ASSET_PATHS = "\"MyDiary/Preview Content\"";
				DEVELOPMENT_TEAM = SW8FY3LA3R;
				ENABLE_PREVIEWS = YES;
				GENERATE_INFOPLIST_FILE = YES;
				INFOPLIST_KEY_UIApplicationSceneManifest_Generation = YES;
				INFOPLIST_KEY_UIApplicationSupportsIndirectInputEvents = YES;
				INFOPLIST_KEY_UILaunchScreen_Generation = YES;
				INFOPLIST_KEY_UISupportedInterfaceOrientations_iPad = "UIInterfaceOrientationPortrait UIInterfaceOrientationPortraitUpsideDown UIInterfaceOrientationLandscapeLeft UIInterfaceOrientationLandscapeRight";
				INFOPLIST_KEY_UISupportedInterfaceOrientations_iPhone = "UIInterfaceOrientationPortrait UIInterfaceOrientationLandscapeLeft UIInterfaceOrientationLandscapeRight";
				LD_RUNPATH_SEARCH_PATHS = (
					"$(inherited)",
					"@executable_path/Frameworks",
				);
				MARKETING_VERSION = 1.0;
				PRODUCT_BUNDLE_IDENTIFIER = hnsarthh.personal.MyDiary;
				PRODUCT_NAME = "$(TARGET_NAME)";
				SWIFT_EMIT_LOC_STRINGS = YES;
				SWIFT_VERSION = 5.0;
				TARGETED_DEVICE_FAMILY = "1,2";
			};
			name = Release;
		};
/* End XCBuildConfiguration section */

/* Begin XCConfigurationList section */
		3AC498002C3E676A00AA6A85 /* Build configuration list for PBXProject "MyDiary" */ = {
			isa = XCConfigurationList;
			buildConfigurations = (
				3AC498112C3E676B00AA6A85 /* Debug */,
				3AC498122C3E676B00AA6A85 /* Release */,
			);
			defaultConfigurationIsVisible = 0;
			defaultConfigurationName = Release;
		};
		3AC498132C3E676B00AA6A85 /* Build configuration list for PBXNativeTarget "MyDiary" */ = {
			isa = XCConfigurationList;
			buildConfigurations = (
				3AC498142C3E676B00AA6A85 /* Debug */,
				3AC498152C3E676B00AA6A85 /* Release */,
			);
			defaultConfigurationIsVisible = 0;
			defaultConfigurationName = Release;
		};
/* End XCConfigurationList section */
	};
	rootObject = 3AC497FD2C3E676A00AA6A85 /* Project object */;
}
